
Microsoft Visual Studio Solution File, Format Version 12.00
# Visual Studio 15
VisualStudioVersion = 15.0.27428.2015
MinimumVisualStudioVersion = 10.0.40219.1
Project("{FAE04EC0-301F-11D3-BF4B-00C04F79EFBC}") = "MathConsoleDemo", "MathConsoleDemo\MathConsoleDemo.csproj", "{F8C77A18-6129-4712-B592-06B3C933ED15}"
EndProject
Global
	GlobalSection(SolutionConfigurationPlatforms) = preSolution
		Debug|Any CPU = Debug|Any CPU
		Release|Any CPU = Release|Any CPU
	EndGlobalSection
	GlobalSection(ProjectConfigurationPlatforms) = postSolution
		{F8C77A18-6129-4712-B592-06B3C933ED15}.Debug|Any CPU.ActiveCfg = Debug|Any CPU
		{F8C77A18-6129-4712-B592-06B3C933ED15}.Debug|Any CPU.Build.0 = Debug|Any CPU
		{F8C77A18-6129-4712-B592-06B3C933ED15}.Release|Any CPU.ActiveCfg = Release|Any CPU
		{F8C77A18-6129-4712-B592-06B3C933ED15}.Release|Any CPU.Build.0 = Release|Any CPU
	EndGlobalSection
	GlobalSection(SolutionProperties) = preSolution
		HideSolutionNode = FALSE
	EndGlobalSection
	GlobalSection(ExtensibilityGlobals) = postSolution
		SolutionGuid = {3A48DEA0-ACA3-4995-82E3-7B690F198600}
	EndGlobalSection
EndGlobal
