
Microsoft Visual Studio Solution File, Format Version 12.00
# Visual Studio 15
VisualStudioVersion = 15.0.27428.2015
MinimumVisualStudioVersion = 10.0.40219.1
Project("{9A19103F-16F7-4668-BE54-9A1E7A4F7556}") = "ClassAndMethodExercise", "ClassAndMethods\ClassAndMethodExercise.csproj", "{DC225332-2D79-4E93-AD72-C7993E5A73FC}"
EndProject
Global
	GlobalSection(SolutionConfigurationPlatforms) = preSolution
		Debug|Any CPU = Debug|Any CPU
		Release|Any CPU = Release|Any CPU
	EndGlobalSection
	GlobalSection(ProjectConfigurationPlatforms) = postSolution
		{DC225332-2D79-4E93-AD72-C7993E5A73FC}.Debug|Any CPU.ActiveCfg = Debug|Any CPU
		{DC225332-2D79-4E93-AD72-C7993E5A73FC}.Debug|Any CPU.Build.0 = Debug|Any CPU
		{DC225332-2D79-4E93-AD72-C7993E5A73FC}.Release|Any CPU.ActiveCfg = Release|Any CPU
		{DC225332-2D79-4E93-AD72-C7993E5A73FC}.Release|Any CPU.Build.0 = Release|Any CPU
	EndGlobalSection
	GlobalSection(SolutionProperties) = preSolution
		HideSolutionNode = FALSE
	EndGlobalSection
	GlobalSection(ExtensibilityGlobals) = postSolution
		SolutionGuid = {E2DD9E57-4B37-4DD9-B98B-EDC4EF9C9153}
	EndGlobalSection
EndGlobal
