
Microsoft Visual Studio Solution File, Format Version 12.00
# Visual Studio 15
VisualStudioVersion = 15.0.27428.2015
MinimumVisualStudioVersion = 10.0.40219.1
Project("{FAE04EC0-301F-11D3-BF4B-00C04F79EFBC}") = "OverloadingOperator", "OverloadingOperator\OverloadingOperator.csproj", "{21FB66C8-8F4A-4CD1-BBAA-A4CB04B0AFAC}"
EndProject
Global
	GlobalSection(SolutionConfigurationPlatforms) = preSolution
		Debug|Any CPU = Debug|Any CPU
		Release|Any CPU = Release|Any CPU
	EndGlobalSection
	GlobalSection(ProjectConfigurationPlatforms) = postSolution
		{21FB66C8-8F4A-4CD1-BBAA-A4CB04B0AFAC}.Debug|Any CPU.ActiveCfg = Debug|Any CPU
		{21FB66C8-8F4A-4CD1-BBAA-A4CB04B0AFAC}.Debug|Any CPU.Build.0 = Debug|Any CPU
		{21FB66C8-8F4A-4CD1-BBAA-A4CB04B0AFAC}.Release|Any CPU.ActiveCfg = Release|Any CPU
		{21FB66C8-8F4A-4CD1-BBAA-A4CB04B0AFAC}.Release|Any CPU.Build.0 = Release|Any CPU
	EndGlobalSection
	GlobalSection(SolutionProperties) = preSolution
		HideSolutionNode = FALSE
	EndGlobalSection
	GlobalSection(ExtensibilityGlobals) = postSolution
		SolutionGuid = {977576F8-B529-4902-9770-74F0496C776F}
	EndGlobalSection
EndGlobal
