
Microsoft Visual Studio Solution File, Format Version 12.00
# Visual Studio 15
VisualStudioVersion = 15.0.27428.2015
MinimumVisualStudioVersion = 10.0.40219.1
Project("{FAE04EC0-301F-11D3-BF4B-00C04F79EFBC}") = "tryParse", "tryParse\tryParse.csproj", "{AFD6F183-3498-4F60-AA13-84DF21DEFEA0}"
EndProject
Global
	GlobalSection(SolutionConfigurationPlatforms) = preSolution
		Debug|Any CPU = Debug|Any CPU
		Release|Any CPU = Release|Any CPU
	EndGlobalSection
	GlobalSection(ProjectConfigurationPlatforms) = postSolution
		{AFD6F183-3498-4F60-AA13-84DF21DEFEA0}.Debug|Any CPU.ActiveCfg = Debug|Any CPU
		{AFD6F183-3498-4F60-AA13-84DF21DEFEA0}.Debug|Any CPU.Build.0 = Debug|Any CPU
		{AFD6F183-3498-4F60-AA13-84DF21DEFEA0}.Release|Any CPU.ActiveCfg = Release|Any CPU
		{AFD6F183-3498-4F60-AA13-84DF21DEFEA0}.Release|Any CPU.Build.0 = Release|Any CPU
	EndGlobalSection
	GlobalSection(SolutionProperties) = preSolution
		HideSolutionNode = FALSE
	EndGlobalSection
	GlobalSection(ExtensibilityGlobals) = postSolution
		SolutionGuid = {AB8EEB94-B0B7-4540-B9C1-0666704079B5}
	EndGlobalSection
EndGlobal
