
Microsoft Visual Studio Solution File, Format Version 12.00
# Visual Studio 15
VisualStudioVersion = 15.0.27428.2015
MinimumVisualStudioVersion = 10.0.40219.1
Project("{FAE04EC0-301F-11D3-BF4B-00C04F79EFBC}") = "gitWebConnect", "gitWebConnect\gitWebConnect.csproj", "{49458C7D-F3D9-4AE1-A732-EB9B0D951ACD}"
EndProject
Global
	GlobalSection(SolutionConfigurationPlatforms) = preSolution
		Debug|Any CPU = Debug|Any CPU
		Release|Any CPU = Release|Any CPU
	EndGlobalSection
	GlobalSection(ProjectConfigurationPlatforms) = postSolution
		{49458C7D-F3D9-4AE1-A732-EB9B0D951ACD}.Debug|Any CPU.ActiveCfg = Debug|Any CPU
		{49458C7D-F3D9-4AE1-A732-EB9B0D951ACD}.Debug|Any CPU.Build.0 = Debug|Any CPU
		{49458C7D-F3D9-4AE1-A732-EB9B0D951ACD}.Release|Any CPU.ActiveCfg = Release|Any CPU
		{49458C7D-F3D9-4AE1-A732-EB9B0D951ACD}.Release|Any CPU.Build.0 = Release|Any CPU
	EndGlobalSection
	GlobalSection(SolutionProperties) = preSolution
		HideSolutionNode = FALSE
	EndGlobalSection
	GlobalSection(ExtensibilityGlobals) = postSolution
		SolutionGuid = {C69D76C0-1E8B-4951-917B-7D73EC3E1002}
	EndGlobalSection
EndGlobal
