
Microsoft Visual Studio Solution File, Format Version 12.00
# Visual Studio 15
VisualStudioVersion = 15.0.27428.2015
MinimumVisualStudioVersion = 10.0.40219.1
Project("{FAE04EC0-301F-11D3-BF4B-00C04F79EFBC}") = "OptionMethod", "OptionMethod\OptionMethod.csproj", "{1DA487D1-0A93-4273-AD23-B390166F7A89}"
EndProject
Global
	GlobalSection(SolutionConfigurationPlatforms) = preSolution
		Debug|Any CPU = Debug|Any CPU
		Release|Any CPU = Release|Any CPU
	EndGlobalSection
	GlobalSection(ProjectConfigurationPlatforms) = postSolution
		{1DA487D1-0A93-4273-AD23-B390166F7A89}.Debug|Any CPU.ActiveCfg = Debug|Any CPU
		{1DA487D1-0A93-4273-AD23-B390166F7A89}.Debug|Any CPU.Build.0 = Debug|Any CPU
		{1DA487D1-0A93-4273-AD23-B390166F7A89}.Release|Any CPU.ActiveCfg = Release|Any CPU
		{1DA487D1-0A93-4273-AD23-B390166F7A89}.Release|Any CPU.Build.0 = Release|Any CPU
	EndGlobalSection
	GlobalSection(SolutionProperties) = preSolution
		HideSolutionNode = FALSE
	EndGlobalSection
	GlobalSection(ExtensibilityGlobals) = postSolution
		SolutionGuid = {B76290C0-8092-4BD2-85E1-09FAD41665F5}
	EndGlobalSection
EndGlobal
