
Microsoft Visual Studio Solution File, Format Version 12.00
# Visual Studio 15
VisualStudioVersion = 15.0.27428.2015
MinimumVisualStudioVersion = 10.0.40219.1
Project("{FAE04EC0-301F-11D3-BF4B-00C04F79EFBC}") = "Lambda", "Lambda\Lambda.csproj", "{978120A3-9E83-4F2B-A08D-5B2D4D0B804B}"
EndProject
Global
	GlobalSection(SolutionConfigurationPlatforms) = preSolution
		Debug|Any CPU = Debug|Any CPU
		Release|Any CPU = Release|Any CPU
	EndGlobalSection
	GlobalSection(ProjectConfigurationPlatforms) = postSolution
		{978120A3-9E83-4F2B-A08D-5B2D4D0B804B}.Debug|Any CPU.ActiveCfg = Debug|Any CPU
		{978120A3-9E83-4F2B-A08D-5B2D4D0B804B}.Debug|Any CPU.Build.0 = Debug|Any CPU
		{978120A3-9E83-4F2B-A08D-5B2D4D0B804B}.Release|Any CPU.ActiveCfg = Release|Any CPU
		{978120A3-9E83-4F2B-A08D-5B2D4D0B804B}.Release|Any CPU.Build.0 = Release|Any CPU
	EndGlobalSection
	GlobalSection(SolutionProperties) = preSolution
		HideSolutionNode = FALSE
	EndGlobalSection
	GlobalSection(ExtensibilityGlobals) = postSolution
		SolutionGuid = {4A755A0B-B09C-447A-A1D2-B1DBCCDA9362}
	EndGlobalSection
EndGlobal
