
Microsoft Visual Studio Solution File, Format Version 12.00
# Visual Studio 15
VisualStudioVersion = 15.0.27428.2015
MinimumVisualStudioVersion = 10.0.40219.1
Project("{FAE04EC0-301F-11D3-BF4B-00C04F79EFBC}") = "ClassMethodType", "ClassMethodTypes\ClassMethodType.csproj", "{24E073F5-7A98-4658-B092-157D93B259A2}"
EndProject
Global
	GlobalSection(SolutionConfigurationPlatforms) = preSolution
		Debug|Any CPU = Debug|Any CPU
		Release|Any CPU = Release|Any CPU
	EndGlobalSection
	GlobalSection(ProjectConfigurationPlatforms) = postSolution
		{24E073F5-7A98-4658-B092-157D93B259A2}.Debug|Any CPU.ActiveCfg = Debug|Any CPU
		{24E073F5-7A98-4658-B092-157D93B259A2}.Debug|Any CPU.Build.0 = Debug|Any CPU
		{24E073F5-7A98-4658-B092-157D93B259A2}.Release|Any CPU.ActiveCfg = Release|Any CPU
		{24E073F5-7A98-4658-B092-157D93B259A2}.Release|Any CPU.Build.0 = Release|Any CPU
	EndGlobalSection
	GlobalSection(SolutionProperties) = preSolution
		HideSolutionNode = FALSE
	EndGlobalSection
	GlobalSection(ExtensibilityGlobals) = postSolution
		SolutionGuid = {3BCBD76F-0809-4C6D-9BAA-5899F0C944EC}
	EndGlobalSection
EndGlobal
